Microsoft Visual Studio Solution File, Format Version 12.00
# Visual Studio Version 17
VisualStudioVersion = 17.5.2.0
MinimumVisualStudioVersion = 10.0.40219.1
Project("{FAE04EC0-301F-11D3-BF4B-00C04F79EFBC}") = "PRG2_ASSG_S10269128F_S10268119C", "PRG2_ASSG_S10269128F_S10268119C.csproj", "{DCA52D19-5871-A354-1657-FC3F48A3C92F}"
EndProject
Global
	GlobalSection(SolutionConfigurationPlatforms) = preSolution
		Debug|Any CPU = Debug|Any CPU
		Release|Any CPU = Release|Any CPU
	EndGlobalSection
	GlobalSection(ProjectConfigurationPlatforms) = postSolution
		{DCA52D19-5871-A354-1657-FC3F48A3C92F}.Debug|Any CPU.ActiveCfg = Debug|Any CPU
		{DCA52D19-5871-A354-1657-FC3F48A3C92F}.Debug|Any CPU.Build.0 = Debug|Any CPU
		{DCA52D19-5871-A354-1657-FC3F48A3C92F}.Release|Any CPU.ActiveCfg = Release|Any CPU
		{DCA52D19-5871-A354-1657-FC3F48A3C92F}.Release|Any CPU.Build.0 = Release|Any CPU
	EndGlobalSection
	GlobalSection(SolutionProperties) = preSolution
		HideSolutionNode = FALSE
	EndGlobalSection
	GlobalSection(ExtensibilityGlobals) = postSolution
		SolutionGuid = {DEE8D313-E635-4AA7-A981-CDCCD8318679}
	EndGlobalSection
EndGlobal
